// !$*UTF8*$!
{
	archiveVersion = 1;
	classes = {
	};
	objectVersion = 46;
	objects = {

/* Begin PBXBuildFile section */
		1D7164331CF24C150013DFC5 /* AppDelegate.swift in Sources */ = {isa = PBXBuildFile; fileRef = 1D7164321CF24C150013DFC5 /* AppDelegate.swift */; };
		1D71643A1CF24C150013DFC5 /* Assets.xcassets in Resources */ = {isa = PBXBuildFile; fileRef = 1D7164391CF24C150013DFC5 /* Assets.xcassets */; };
		1D71643D1CF24C150013DFC5 /* LaunchScreen.storyboard in Resources */ = {isa = PBXBuildFile; fileRef = 1D71643B1CF24C150013DFC5 /* LaunchScreen.storyboard */; };
		1D71644C1CF24E0C0013DFC5 /* StartingVC.swift in Sources */ = {isa = PBXBuildFile; fileRef = 1D71644A1CF24E0C0013DFC5 /* StartingVC.swift */; };
		1D71644D1CF24E0C0013DFC5 /* StartingVC.xib in Resources */ = {isa = PBXBuildFile; fileRef = 1D71644B1CF24E0C0013DFC5 /* StartingVC.xib */; };
		1D93BE021CF3220300B9B887 /* Photos.xib in Resources */ = {isa = PBXBuildFile; fileRef = 1D93BE011CF3220300B9B887 /* Photos.xib */; };
		1D93BE041CF3313000B9B887 /* mainButton.swift in Sources */ = {isa = PBXBuildFile; fileRef = 1D93BE031CF3313000B9B887 /* mainButton.swift */; };
		1DD6D2161CF25150000F1596 /* MyPlace.swift in Sources */ = {isa = PBXBuildFile; fileRef = 1DD6D2141CF25150000F1596 /* MyPlace.swift */; };
		1DD6D2171CF25150000F1596 /* MyPlace.xib in Resources */ = {isa = PBXBuildFile; fileRef = 1DD6D2151CF25150000F1596 /* MyPlace.xib */; };
		1DD6D2191CF25169000F1596 /* Photos.swift in Sources */ = {isa = PBXBuildFile; fileRef = 1DD6D2181CF25169000F1596 /* Photos.swift */; };
/* End PBXBuildFile section */

/* Begin PBXFileReference section */
		1D71642F1CF24C150013DFC5 /* mySouthTyrol.app */ = {isa = PBXFileReference; explicitFileType = wrapper.application; includeInIndex = 0; path = mySouthTyrol.app; sourceTree = BUILT_PRODUCTS_DIR; };
		1D7164321CF24C150013DFC5 /* AppDelegate.swift */ = {isa = PBXFileReference; lastKnownFileType = sourcecode.swift; path = AppDelegate.swift; sourceTree = "<group>"; };
		1D7164391CF24C150013DFC5 /* Assets.xcassets */ = {isa = PBXFileReference; lastKnownFileType = folder.assetcatalog; path = Assets.xcassets; sourceTree = "<group>"; };
		1D71643C1CF24C150013DFC5 /* Base */ = {isa = PBXFileReference; lastKnownFileType = file.storyboard; name = Base; path = Base.lproj/LaunchScreen.storyboard; sourceTree = "<group>"; };
		1D71643E1CF24C150013DFC5 /* Info.plist */ = {isa = PBXFileReference; lastKnownFileType = text.plist.xml; path = Info.plist; sourceTree = "<group>"; };
		1D71644A1CF24E0C0013DFC5 /* StartingVC.swift */ = {isa = PBXFileReference; fileEncoding = 4; lastKnownFileType = sourcecode.swift; path = StartingVC.swift; sourceTree = "<group>"; };
		1D71644B1CF24E0C0013DFC5 /* StartingVC.xib */ = {isa = PBXFileReference; fileEncoding = 4; lastKnownFileType = file.xib; path = StartingVC.xib; sourceTree = "<group>"; };
		1D93BE011CF3220300B9B887 /* Photos.xib */ = {isa = PBXFileReference; fileEncoding = 4; lastKnownFileType = file.xib; path = Photos.xib; sourceTree = "<group>"; };
		1D93BE031CF3313000B9B887 /* mainButton.swift */ = {isa = PBXFileReference; fileEncoding = 4; lastKnownFileType = sourcecode.swift; name = mainButton.swift; path = ../mainButton.swift; sourceTree = "<group>"; };
		1DD6D2141CF25150000F1596 /* MyPlace.swift */ = {isa = PBXFileReference; fileEncoding = 4; lastKnownFileType = sourcecode.swift; path = MyPlace.swift; sourceTree = "<group>"; };
		1DD6D2151CF25150000F1596 /* MyPlace.xib */ = {isa = PBXFileReference; fileEncoding = 4; lastKnownFileType = file.xib; path = MyPlace.xib; sourceTree = "<group>"; };
		1DD6D2181CF25169000F1596 /* Photos.swift */ = {isa = PBXFileReference; fileEncoding = 4; lastKnownFileType = sourcecode.swift; path = Photos.swift; sourceTree = "<group>"; };
/* End PBXFileReference section */

/* Begin PBXFrameworksBuildPhase section */
		1D71642C1CF24C150013DFC5 /* Frameworks */ = {
			isa = PBXFrameworksBuildPhase;
			buildActionMask = 2147483647;
			files = (
			);
			runOnlyForDeploymentPostprocessing = 0;
		};
/* End PBXFrameworksBuildPhase section */

/* Begin PBXGroup section */
		1D7164261CF24C150013DFC5 = {
			isa = PBXGroup;
			children = (
				1D7164311CF24C150013DFC5 /* mySouthTyrol */,
				1D7164301CF24C150013DFC5 /* Products */,
			);
			sourceTree = "<group>";
		};
		1D7164301CF24C150013DFC5 /* Products */ = {
			isa = PBXGroup;
			children = (
				1D71642F1CF24C150013DFC5 /* mySouthTyrol.app */,
			);
			name = Products;
			sourceTree = "<group>";
		};
		1D7164311CF24C150013DFC5 /* mySouthTyrol */ = {
			isa = PBXGroup;
			children = (
				1D7164321CF24C150013DFC5 /* AppDelegate.swift */,
				1D93BE031CF3313000B9B887 /* mainButton.swift */,
				1D7164451CF24C690013DFC5 /* View */,
				1D7164441CF24C550013DFC5 /* Controller */,
				1D7164391CF24C150013DFC5 /* Assets.xcassets */,
				1D71643B1CF24C150013DFC5 /* LaunchScreen.storyboard */,
				1D71643E1CF24C150013DFC5 /* Info.plist */,
			);
			path = mySouthTyrol;
			sourceTree = "<group>";
		};
		1D7164441CF24C550013DFC5 /* Controller */ = {
			isa = PBXGroup;
			children = (
				1D71644A1CF24E0C0013DFC5 /* StartingVC.swift */,
				1DD6D2141CF25150000F1596 /* MyPlace.swift */,
				1DD6D2181CF25169000F1596 /* Photos.swift */,
			);
			name = Controller;
			sourceTree = "<group>";
		};
		1D7164451CF24C690013DFC5 /* View */ = {
			isa = PBXGroup;
			children = (
				1D71644B1CF24E0C0013DFC5 /* StartingVC.xib */,
				1D93BE011CF3220300B9B887 /* Photos.xib */,
				1DD6D2151CF25150000F1596 /* MyPlace.xib */,
			);
			name = View;
			sourceTree = "<group>";
		};
/* End PBXGroup section */

/* Begin PBXNativeTarget section */
		1D71642E1CF24C150013DFC5 /* mySouthTyrol */ = {
			isa = PBXNativeTarget;
			buildConfigurationList = 1D7164411CF24C150013DFC5 /* Build configuration list for PBXNativeTarget "mySouthTyrol" */;
			buildPhases = (
				1D71642B1CF24C150013DFC5 /* Sources */,
				1D71642C1CF24C150013DFC5 /* Frameworks */,
				1D71642D1CF24C150013DFC5 /* Resources */,
			);
			buildRules = (
			);
			dependencies = (
			);
			name = mySouthTyrol;
			productName = mySouthTyrol;
			productReference = 1D71642F1CF24C150013DFC5 /* mySouthTyrol.app */;
			productType = "com.apple.product-type.application";
		};
/* End PBXNativeTarget section */

/* Begin PBXProject section */
		1D7164271CF24C150013DFC5 /* Project object */ = {
			isa = PBXProject;
			attributes = {
				LastSwiftUpdateCheck = 0730;
				LastUpgradeCheck = 0730;
				ORGANIZATIONNAME = "Tobias Gozzi";
				TargetAttributes = {
					1D71642E1CF24C150013DFC5 = {
						CreatedOnToolsVersion = 7.3;
					};
				};
			};
			buildConfigurationList = 1D71642A1CF24C150013DFC5 /* Build configuration list for PBXProject "mySouthTyrol" */;
			compatibilityVersion = "Xcode 3.2";
			developmentRegion = English;
			hasScannedForEncodings = 0;
			knownRegions = (
				en,
				Base,
			);
			mainGroup = 1D7164261CF24C150013DFC5;
			productRefGroup = 1D7164301CF24C150013DFC5 /* Products */;
			projectDirPath = "";
			projectRoot = "";
			targets = (
				1D71642E1CF24C150013DFC5 /* mySouthTyrol */,
			);
		};
/* End PBXProject section */

/* Begin PBXResourcesBuildPhase section */
		1D71642D1CF24C150013DFC5 /* Resources */ = {
			isa = PBXResourcesBuildPhase;
			buildActionMask = 2147483647;
			files = (
				1D71643D1CF24C150013DFC5 /* LaunchScreen.storyboard in Resources */,
				1D71643A1CF24C150013DFC5 /* Assets.xcassets in Resources */,
				1D71644D1CF24E0C0013DFC5 /* StartingVC.xib in Resources */,
				1DD6D2171CF25150000F1596 /* MyPlace.xib in Resources */,
				1D93BE021CF3220300B9B887 /* Photos.xib in Resources */,
			);
			runOnlyForDeploymentPostprocessing = 0;
		};
/* End PBXResourcesBuildPhase section */

/* Begin PBXSourcesBuildPhase section */
		1D71642B1CF24C150013DFC5 /* Sources */ = {
			isa = PBXSourcesBuildPhase;
			buildActionMask = 2147483647;
			files = (
				1DD6D2191CF25169000F1596 /* Photos.swift in Sources */,
				1D71644C1CF24E0C0013DFC5 /* StartingVC.swift in Sources */,
				1D7164331CF24C150013DFC5 /* AppDelegate.swift in Sources */,
				1DD6D2161CF25150000F1596 /* MyPlace.swift in Sources */,
				1D93BE041CF3313000B9B887 /* mainButton.swift in Sources */,
			);
			runOnlyForDeploymentPostprocessing = 0;
		};
/* End PBXSourcesBuildPhase section */

/* Begin PBXVariantGroup section */
		1D71643B1CF24C150013DFC5 /* LaunchScreen.storyboard */ = {
			isa = PBXVariantGroup;
			children = (
				1D71643C1CF24C150013DFC5 /* Base */,
			);
			name = LaunchScreen.storyboard;
			sourceTree = "<group>";
		};
/* End PBXVariantGroup section */

/* Begin XCBuildConfiguration section */
		1D71643F1CF24C150013DFC5 /* Debug */ = {
			isa = XCBuildConfiguration;
			buildSettings = {
				ALWAYS_SEARCH_USER_PATHS = NO;
				CLANG_ANALYZER_NONNULL = YES;
				CLANG_CXX_LANGUAGE_STANDARD = "gnu++0x";
				CLANG_CXX_LIBRARY = "libc++";
				CLANG_ENABLE_MODULES = YES;
				CLANG_ENABLE_OBJC_ARC = YES;
				CLANG_WARN_BOOL_CONVERSION = YES;
				CLANG_WARN_CONSTANT_CONVERSION = YES;
				CLANG_WARN_DIRECT_OBJC_ISA_USAGE = YES_ERROR;
				CLANG_WARN_EMPTY_BODY = YES;
				CLANG_WARN_ENUM_CONVERSION = YES;
				CLANG_WARN_INT_CONVERSION = YES;
				CLANG_WARN_OBJC_ROOT_CLASS = YES_ERROR;
				CLANG_WARN_UNREACHABLE_CODE = YES;
				CLANG_WARN__DUPLICATE_METHOD_MATCH = YES;
				"CODE_SIGN_IDENTITY[sdk=iphoneos*]" = "iPhone Developer";
				COPY_PHASE_STRIP = NO;
				DEBUG_INFORMATION_FORMAT = dwarf;
				ENABLE_STRICT_OBJC_MSGSEND = YES;
				ENABLE_TESTABILITY = YES;
				GCC_C_LANGUAGE_STANDARD = gnu99;
				GCC_DYNAMIC_NO_PIC = NO;
				GCC_NO_COMMON_BLOCKS = YES;
				GCC_OPTIMIZATION_LEVEL = 0;
				GCC_PREPROCESSOR_DEFINITIONS = (
					"DEBUG=1",
					"$(inherited)",
				);
				GCC_WARN_64_TO_32_BIT_CONVERSION = YES;
				GCC_WARN_ABOUT_RETURN_TYPE = YES_ERROR;
				GCC_WARN_UNDECLARED_SELECTOR = YES;
				GCC_WARN_UNINITIALIZED_AUTOS = YES_AGGRESSIVE;
				GCC_WARN_UNUSED_FUNCTION = YES;
				GCC_WARN_UNUSED_VARIABLE = YES;
				IPHONEOS_DEPLOYMENT_TARGET = 9.3;
				MTL_ENABLE_DEBUG_INFO = YES;
				ONLY_ACTIVE_ARCH = YES;
				SDKROOT = iphoneos;
				SWIFT_OPTIMIZATION_LEVEL = "-Onone";
			};
			name = Debug;
		};
		1D7164401CF24C150013DFC5 /* Release */ = {
			isa = XCBuildConfiguration;
			buildSettings = {
				ALWAYS_SEARCH_USER_PATHS = NO;
				CLANG_ANALYZER_NONNULL = YES;
				CLANG_CXX_LANGUAGE_STANDARD = "gnu++0x";
				CLANG_CXX_LIBRARY = "libc++";
				CLANG_ENABLE_MODULES = YES;
				CLANG_ENABLE_OBJC_ARC = YES;
				CLANG_WARN_BOOL_CONVERSION = YES;
				CLANG_WARN_CONSTANT_CONVERSION = YES;
				CLANG_WARN_DIRECT_OBJC_ISA_USAGE = YES_ERROR;
				CLANG_WARN_EMPTY_BODY = YES;
				CLANG_WARN_ENUM_CONVERSION = YES;
				CLANG_WARN_INT_CONVERSION = YES;
				CLANG_WARN_OBJC_ROOT_CLASS = YES_ERROR;
				CLANG_WARN_UNREACHABLE_CODE = YES;
				CLANG_WARN__DUPLICATE_METHOD_MATCH = YES;
				"CODE_SIGN_IDENTITY[sdk=iphoneos*]" = "iPhone Developer";
				COPY_PHASE_STRIP = NO;
				DEBUG_INFORMATION_FORMAT = "dwarf-with-dsym";
				ENABLE_NS_ASSERTIONS = NO;
				ENABLE_STRICT_OBJC_MSGSEND = YES;
				GCC_C_LANGUAGE_STANDARD = gnu99;
				GCC_NO_COMMON_BLOCKS = YES;
				GCC_WARN_64_TO_32_BIT_CONVERSION = YES;
				GCC_WARN_ABOUT_RETURN_TYPE = YES_ERROR;
				GCC_WARN_UNDECLARED_SELECTOR = YES;
				GCC_WARN_UNINITIALIZED_AUTOS = YES_AGGRESSIVE;
				GCC_WARN_UNUSED_FUNCTION = YES;
				GCC_WARN_UNUSED_VARIABLE = YES;
				IPHONEOS_DEPLOYMENT_TARGET = 9.3;
				MTL_ENABLE_DEBUG_INFO = NO;
				SDKROOT = iphoneos;
				VALIDATE_PRODUCT = YES;
			};
			name = Release;
		};
		1D7164421CF24C150013DFC5 /* Debug */ = {
			isa = XCBuildConfiguration;
			buildSettings = {
				ASSETCATALOG_COMPILER_APPICON_NAME = AppIcon;
				INFOPLIST_FILE = mySouthTyrol/Info.plist;
				LD_RUNPATH_SEARCH_PATHS = "$(inherited) @executable_path/Frameworks";
				PRODUCT_BUNDLE_IDENTIFIER = com.tobiasgozzi.mySouthTyrol;
				PRODUCT_NAME = "$(TARGET_NAME)";
			};
			name = Debug;
		};
		1D7164431CF24C150013DFC5 /* Release */ = {
			isa = XCBuildConfiguration;
			buildSettings = {
				ASSETCATALOG_COMPILER_APPICON_NAME = AppIcon;
				INFOPLIST_FILE = mySouthTyrol/Info.plist;
				LD_RUNPATH_SEARCH_PATHS = "$(inherited) @executable_path/Frameworks";
				PRODUCT_BUNDLE_IDENTIFIER = com.tobiasgozzi.mySouthTyrol;
				PRODUCT_NAME = "$(TARGET_NAME)";
			};
			name = Release;
		};
/* End XCBuildConfiguration section */

/* Begin XCConfigurationList section */
		1D71642A1CF24C150013DFC5 /* Build configuration list for PBXProject "mySouthTyrol" */ = {
			isa = XCConfigurationList;
			buildConfigurations = (
				1D71643F1CF24C150013DFC5 /* Debug */,
				1D7164401CF24C150013DFC5 /* Release */,
			);
			defaultConfigurationIsVisible = 0;
			defaultConfigurationName = Release;
		};
		1D7164411CF24C150013DFC5 /* Build configuration list for PBXNativeTarget "mySouthTyrol" */ = {
			isa = XCConfigurationList;
			buildConfigurations = (
				1D7164421CF24C150013DFC5 /* Debug */,
				1D7164431CF24C150013DFC5 /* Release */,
			);
			defaultConfigurationIsVisible = 0;
			defaultConfigurationName = Release;
		};
/* End XCConfigurationList section */
	};
	rootObject = 1D7164271CF24C150013DFC5 /* Project object */;
}
